// !$*UTF8*$!
{
	archiveVersion = 1;
	classes = {
	};
	objectVersion = 46;
	objects = {

/* Begin PBXBuildFile section */
		A51D26E81A6C58B500EC38E9 /* PlaceDetailController.swift in Sources */ = {isa = PBXBuildFile; fileRef = A51D26E71A6C58B500EC38E9 /* PlaceDetailController.swift */; };
		A51D26EA1A6F0EB800EC38E9 /* MapManager.swift in Sources */ = {isa = PBXBuildFile; fileRef = A51D26E91A6F0EB800EC38E9 /* MapManager.swift */; };
		A53127D51A6014EC00DE20CD /* UserMapTests.swift in Sources */ = {isa = PBXBuildFile; fileRef = A53127D41A6014EC00DE20CD /* UserMapTests.swift */; };
		A59DFF5A1A6FF83D00517998 /* Pods.framework in Frameworks */ = {isa = PBXBuildFile; fileRef = A5312BE01A616BC200DE20CD /* Pods.framework */; };
		A5C91ED21A702BE0007A2DFC /* Realm.framework in Frameworks */ = {isa = PBXBuildFile; fileRef = A5C91ED11A702BE0007A2DFC /* Realm.framework */; };
		A5C91EDA1A71AF71007A2DFC /* DatabaseManager.swift in Sources */ = {isa = PBXBuildFile; fileRef = A5C91ED91A71AF71007A2DFC /* DatabaseManager.swift */; };
		A5FC05861A6FE0C5001665B4 /* RLMSupport.swift in Sources */ = {isa = PBXBuildFile; fileRef = A5FC05851A6FE0C5001665B4 /* RLMSupport.swift */; };
		A5FDA0281A61AA8700A12A8B /* AppDelegate.swift in Sources */ = {isa = PBXBuildFile; fileRef = A5FDA01D1A61AA8700A12A8B /* AppDelegate.swift */; };
		A5FDA0291A61AA8700A12A8B /* LaunchScreen.xib in Resources */ = {isa = PBXBuildFile; fileRef = A5FDA01E1A61AA8700A12A8B /* LaunchScreen.xib */; };
		A5FDA02A1A61AA8700A12A8B /* Main.storyboard in Resources */ = {isa = PBXBuildFile; fileRef = A5FDA0201A61AA8700A12A8B /* Main.storyboard */; };
		A5FDA02B1A61AA8700A12A8B /* Images.xcassets in Resources */ = {isa = PBXBuildFile; fileRef = A5FDA0231A61AA8700A12A8B /* Images.xcassets */; };
		A5FDA02D1A61AA8700A12A8B /* UserMap.xcdatamodeld in Sources */ = {isa = PBXBuildFile; fileRef = A5FDA0251A61AA8700A12A8B /* UserMap.xcdatamodeld */; };
		A5FDA02E1A61AA8700A12A8B /* MapViewController.swift in Sources */ = {isa = PBXBuildFile; fileRef = A5FDA0271A61AA8700A12A8B /* MapViewController.swift */; };
		A5FDA0321A61AE3100A12A8B /* GoogleMaps.framework in Frameworks */ = {isa = PBXBuildFile; fileRef = A5FDA0311A61AE3100A12A8B /* GoogleMaps.framework */; };
		A5FDA0341A61AF6600A12A8B /* GoogleMaps.bundle in Resources */ = {isa = PBXBuildFile; fileRef = A5FDA0331A61AF6600A12A8B /* GoogleMaps.bundle */; };
		A5FDA0361A61AFDC00A12A8B /* AVFoundation.framework in Frameworks */ = {isa = PBXBuildFile; fileRef = A5FDA0351A61AFDC00A12A8B /* AVFoundation.framework */; };
		A5FDA0381A61AFE400A12A8B /* CoreData.framework in Frameworks */ = {isa = PBXBuildFile; fileRef = A5FDA0371A61AFE400A12A8B /* CoreData.framework */; };
		A5FDA0391A61AFED00A12A8B /* CoreLocation.framework in Frameworks */ = {isa = PBXBuildFile; fileRef = A53127DE1A6031D900DE20CD /* CoreLocation.framework */; };
		A5FDA03B1A61AFF500A12A8B /* CoreText.framework in Frameworks */ = {isa = PBXBuildFile; fileRef = A5FDA03A1A61AFF500A12A8B /* CoreText.framework */; };
		A5FDA03D1A61AFFF00A12A8B /* GLKit.framework in Frameworks */ = {isa = PBXBuildFile; fileRef = A5FDA03C1A61AFFF00A12A8B /* GLKit.framework */; };
		A5FDA03F1A61B00600A12A8B /* ImageIO.framework in Frameworks */ = {isa = PBXBuildFile; fileRef = A5FDA03E1A61B00600A12A8B /* ImageIO.framework */; };
		A5FDA0411A61B01800A12A8B /* libc++.dylib in Frameworks */ = {isa = PBXBuildFile; fileRef = A5FDA0401A61B01800A12A8B /* libc++.dylib */; };
		A5FDA0431A61B02300A12A8B /* libicucore.dylib in Frameworks */ = {isa = PBXBuildFile; fileRef = A5FDA0421A61B02300A12A8B /* libicucore.dylib */; };
		A5FDA0441A61B02B00A12A8B /* libz.dylib in Frameworks */ = {isa = PBXBuildFile; fileRef = A53127E41A60320800DE20CD /* libz.dylib */; };
		A5FDA0461A61B03300A12A8B /* OpenGLES.framework in Frameworks */ = {isa = PBXBuildFile; fileRef = A5FDA0451A61B03300A12A8B /* OpenGLES.framework */; };
		A5FDA0471A61B03C00A12A8B /* QuartzCore.framework in Frameworks */ = {isa = PBXBuildFile; fileRef = A53127E01A6031E300DE20CD /* QuartzCore.framework */; };
		A5FDA0491A61B04E00A12A8B /* SystemConfiguration.framework in Frameworks */ = {isa = PBXBuildFile; fileRef = A5FDA0481A61B04E00A12A8B /* SystemConfiguration.framework */; };
		A5FDA04A1A61B23300A12A8B /* GoogleMaps.bundle in Frameworks */ = {isa = PBXBuildFile; fileRef = A5FDA0331A61AF6600A12A8B /* GoogleMaps.bundle */; };
		A5FDA07E1A65D39900A12A8B /* PlacesTableViewController.swift in Sources */ = {isa = PBXBuildFile; fileRef = A5FDA07D1A65D39900A12A8B /* PlacesTableViewController.swift */; };
		A5FDA0801A65DEFE00A12A8B /* Place.swift in Sources */ = {isa = PBXBuildFile; fileRef = A5FDA07F1A65DEFE00A12A8B /* Place.swift */; };
		A5FDA0871A6716E100A12A8B /* AddPlaceController.swift in Sources */ = {isa = PBXBuildFile; fileRef = A5FDA0861A6716E100A12A8B /* AddPlaceController.swift */; };
		DE980C7C6983755D1BEC9B83 /* Pods.framework in Frameworks */ = {isa = PBXBuildFile; fileRef = 14EE93FC33ED37FD5D8AB9A9 /* Pods.framework */; settings = {ATTRIBUTES = (Weak, ); }; };
/* End PBXBuildFile section */

/* Begin PBXContainerItemProxy section */
		A53127CF1A6014EC00DE20CD /* PBXContainerItemProxy */ = {
			isa = PBXContainerItemProxy;
			containerPortal = A53127AE1A6014EC00DE20CD /* Project object */;
			proxyType = 1;
			remoteGlobalIDString = A53127B51A6014EC00DE20CD;
			remoteInfo = UserMap;
		};
		A5312BDF1A616BC200DE20CD /* PBXContainerItemProxy */ = {
			isa = PBXContainerItemProxy;
			containerPortal = A5312BC61A616BC200DE20CD /* Pods.xcodeproj */;
			proxyType = 2;
			remoteGlobalIDString = 881B9484B18AB2FBDFE8A6ED;
			remoteInfo = Pods;
		};
		A5312BE11A616BC200DE20CD /* PBXContainerItemProxy */ = {
			isa = PBXContainerItemProxy;
			containerPortal = A5312BC61A616BC200DE20CD /* Pods.xcodeproj */;
			proxyType = 2;
			remoteGlobalIDString = D7053A5301665C216B6570A1;
			remoteInfo = "Pods-AFNetworking";
		};
		A5C91EDE1A71AF72007A2DFC /* PBXContainerItemProxy */ = {
			isa = PBXContainerItemProxy;
			containerPortal = A5312BC61A616BC200DE20CD /* Pods.xcodeproj */;
			proxyType = 2;
			remoteGlobalIDString = EABF852853F387C510061B62;
			remoteInfo = "Pods-SugarRecord";
		};
/* End PBXContainerItemProxy section */

/* Begin PBXFileReference section */
		14EE93FC33ED37FD5D8AB9A9 /* Pods.framework */ = {isa = PBXFileReference; explicitFileType = wrapper.framework; includeInIndex = 0; path = Pods.framework; sourceTree = BUILT_PRODUCTS_DIR; };
		52A6CF172F9A1AFE7383C1A9 /* Pods.release.xcconfig */ = {isa = PBXFileReference; includeInIndex = 1; lastKnownFileType = text.xcconfig; name = Pods.release.xcconfig; path = "Pods/Target Support Files/Pods/Pods.release.xcconfig"; sourceTree = "<group>"; };
		A51D26E71A6C58B500EC38E9 /* PlaceDetailController.swift */ = {isa = PBXFileReference; fileEncoding = 4; lastKnownFileType = sourcecode.swift; path = PlaceDetailController.swift; sourceTree = "<group>"; };
		A51D26E91A6F0EB800EC38E9 /* MapManager.swift */ = {isa = PBXFileReference; fileEncoding = 4; lastKnownFileType = sourcecode.swift; path = MapManager.swift; sourceTree = "<group>"; };
		A53127B61A6014EC00DE20CD /* UserMap.app */ = {isa = PBXFileReference; explicitFileType = wrapper.application; includeInIndex = 0; path = UserMap.app; sourceTree = BUILT_PRODUCTS_DIR; };
		A53127CE1A6014EC00DE20CD /* UserMapTests.xctest */ = {isa = PBXFileReference; explicitFileType = wrapper.cfbundle; includeInIndex = 0; path = UserMapTests.xctest; sourceTree = BUILT_PRODUCTS_DIR; };
		A53127D31A6014EC00DE20CD /* Info.plist */ = {isa = PBXFileReference; lastKnownFileType = text.plist.xml; path = Info.plist; sourceTree = "<group>"; };
		A53127D41A6014EC00DE20CD /* UserMapTests.swift */ = {isa = PBXFileReference; lastKnownFileType = sourcecode.swift; path = UserMapTests.swift; sourceTree = "<group>"; };
		A53127DE1A6031D900DE20CD /* CoreLocation.framework */ = {isa = PBXFileReference; lastKnownFileType = wrapper.framework; name = CoreLocation.framework; path = System/Library/Frameworks/CoreLocation.framework; sourceTree = SDKROOT; };
		A53127E01A6031E300DE20CD /* QuartzCore.framework */ = {isa = PBXFileReference; lastKnownFileType = wrapper.framework; name = QuartzCore.framework; path = System/Library/Frameworks/QuartzCore.framework; sourceTree = SDKROOT; };
		A53127E21A6031FC00DE20CD /* libsqlite3.dylib */ = {isa = PBXFileReference; lastKnownFileType = "compiled.mach-o.dylib"; name = libsqlite3.dylib; path = usr/lib/libsqlite3.dylib; sourceTree = SDKROOT; };
		A53127E41A60320800DE20CD /* libz.dylib */ = {isa = PBXFileReference; lastKnownFileType = "compiled.mach-o.dylib"; name = libz.dylib; path = usr/lib/libz.dylib; sourceTree = SDKROOT; };
		A5312B511A616BC200DE20CD /* AFHTTPRequestOperation.h */ = {isa = PBXFileReference; lastKnownFileType = sourcecode.c.h; path = AFHTTPRequestOperation.h; sourceTree = "<group>"; };
		A5312B521A616BC200DE20CD /* AFHTTPRequestOperation.m */ = {isa = PBXFileReference; lastKnownFileType = sourcecode.c.objc; path = AFHTTPRequestOperation.m; sourceTree = "<group>"; };
		A5312B531A616BC200DE20CD /* AFHTTPRequestOperationManager.h */ = {isa = PBXFileReference; lastKnownFileType = sourcecode.c.h; path = AFHTTPRequestOperationManager.h; sourceTree = "<group>"; };
		A5312B541A616BC200DE20CD /* AFHTTPRequestOperationManager.m */ = {isa = PBXFileReference; lastKnownFileType = sourcecode.c.objc; path = AFHTTPRequestOperationManager.m; sourceTree = "<group>"; };
		A5312B551A616BC200DE20CD /* AFHTTPSessionManager.h */ = {isa = PBXFileReference; lastKnownFileType = sourcecode.c.h; path = AFHTTPSessionManager.h; sourceTree = "<group>"; };
		A5312B561A616BC200DE20CD /* AFHTTPSessionManager.m */ = {isa = PBXFileReference; lastKnownFileType = sourcecode.c.objc; path = AFHTTPSessionManager.m; sourceTree = "<group>"; };
		A5312B571A616BC200DE20CD /* AFNetworking.h */ = {isa = PBXFileReference; lastKnownFileType = sourcecode.c.h; path = AFNetworking.h; sourceTree = "<group>"; };
		A5312B581A616BC200DE20CD /* AFNetworkReachabilityManager.h */ = {isa = PBXFileReference; lastKnownFileType = sourcecode.c.h; path = AFNetworkReachabilityManager.h; sourceTree = "<group>"; };
		A5312B591A616BC200DE20CD /* AFNetworkReachabilityManager.m */ = {isa = PBXFileReference; lastKnownFileType = sourcecode.c.objc; path = AFNetworkReachabilityManager.m; sourceTree = "<group>"; };
		A5312B5A1A616BC200DE20CD /* AFSecurityPolicy.h */ = {isa = PBXFileReference; lastKnownFileType = sourcecode.c.h; path = AFSecurityPolicy.h; sourceTree = "<group>"; };
		A5312B5B1A616BC200DE20CD /* AFSecurityPolicy.m */ = {isa = PBXFileReference; lastKnownFileType = sourcecode.c.objc; path = AFSecurityPolicy.m; sourceTree = "<group>"; };
		A5312B5C1A616BC200DE20CD /* AFURLConnectionOperation.h */ = {isa = PBXFileReference; lastKnownFileType = sourcecode.c.h; path = AFURLConnectionOperation.h; sourceTree = "<group>"; };
		A5312B5D1A616BC200DE20CD /* AFURLConnectionOperation.m */ = {isa = PBXFileReference; lastKnownFileType = sourcecode.c.objc; path = AFURLConnectionOperation.m; sourceTree = "<group>"; };
		A5312B5E1A616BC200DE20CD /* AFURLRequestSerialization.h */ = {isa = PBXFileReference; lastKnownFileType = sourcecode.c.h; path = AFURLRequestSerialization.h; sourceTree = "<group>"; };
		A5312B5F1A616BC200DE20CD /* AFURLRequestSerialization.m */ = {isa = PBXFileReference; lastKnownFileType = sourcecode.c.objc; path = AFURLRequestSerialization.m; sourceTree = "<group>"; };
		A5312B601A616BC200DE20CD /* AFURLResponseSerialization.h */ = {isa = PBXFileReference; lastKnownFileType = sourcecode.c.h; path = AFURLResponseSerialization.h; sourceTree = "<group>"; };
		A5312B611A616BC200DE20CD /* AFURLResponseSerialization.m */ = {isa = PBXFileReference; lastKnownFileType = sourcecode.c.objc; path = AFURLResponseSerialization.m; sourceTree = "<group>"; };
		A5312B621A616BC200DE20CD /* AFURLSessionManager.h */ = {isa = PBXFileReference; lastKnownFileType = sourcecode.c.h; path = AFURLSessionManager.h; sourceTree = "<group>"; };
		A5312B631A616BC200DE20CD /* AFURLSessionManager.m */ = {isa = PBXFileReference; lastKnownFileType = sourcecode.c.objc; path = AFURLSessionManager.m; sourceTree = "<group>"; };
		A5312B641A616BC200DE20CD /* LICENSE */ = {isa = PBXFileReference; lastKnownFileType = text; path = LICENSE; sourceTree = "<group>"; };
		A5312B651A616BC200DE20CD /* README.md */ = {isa = PBXFileReference; lastKnownFileType = net.daringfireball.markdown; path = README.md; sourceTree = "<group>"; };
		A5312B671A616BC200DE20CD /* AFNetworkActivityIndicatorManager.h */ = {isa = PBXFileReference; lastKnownFileType = sourcecode.c.h; path = AFNetworkActivityIndicatorManager.h; sourceTree = "<group>"; };
		A5312B681A616BC200DE20CD /* AFNetworkActivityIndicatorManager.m */ = {isa = PBXFileReference; lastKnownFileType = sourcecode.c.objc; path = AFNetworkActivityIndicatorManager.m; sourceTree = "<group>"; };
		A5312B691A616BC200DE20CD /* UIActivityIndicatorView+AFNetworking.h */ = {isa = PBXFileReference; lastKnownFileType = sourcecode.c.h; path = "UIActivityIndicatorView+AFNetworking.h"; sourceTree = "<group>"; };
		A5312B6A1A616BC200DE20CD /* UIActivityIndicatorView+AFNetworking.m */ = {isa = PBXFileReference; lastKnownFileType = sourcecode.c.objc; path = "UIActivityIndicatorView+AFNetworking.m"; sourceTree = "<group>"; };
		A5312B6B1A616BC200DE20CD /* UIAlertView+AFNetworking.h */ = {isa = PBXFileReference; lastKnownFileType = sourcecode.c.h; path = "UIAlertView+AFNetworking.h"; sourceTree = "<group>"; };
		A5312B6C1A616BC200DE20CD /* UIAlertView+AFNetworking.m */ = {isa = PBXFileReference; lastKnownFileType = sourcecode.c.objc; path = "UIAlertView+AFNetworking.m"; sourceTree = "<group>"; };
		A5312B6D1A616BC200DE20CD /* UIButton+AFNetworking.h */ = {isa = PBXFileReference; lastKnownFileType = sourcecode.c.h; path = "UIButton+AFNetworking.h"; sourceTree = "<group>"; };
		A5312B6E1A616BC200DE20CD /* UIButton+AFNetworking.m */ = {isa = PBXFileReference; lastKnownFileType = sourcecode.c.objc; path = "UIButton+AFNetworking.m"; sourceTree = "<group>"; };
		A5312B6F1A616BC200DE20CD /* UIImageView+AFNetworking.h */ = {isa = PBXFileReference; lastKnownFileType = sourcecode.c.h; path = "UIImageView+AFNetworking.h"; sourceTree = "<group>"; };
		A5312B701A616BC200DE20CD /* UIImageView+AFNetworking.m */ = {isa = PBXFileReference; lastKnownFileType = sourcecode.c.objc; path = "UIImageView+AFNetworking.m"; sourceTree = "<group>"; };
		A5312B711A616BC200DE20CD /* UIKit+AFNetworking.h */ = {isa = PBXFileReference; lastKnownFileType = sourcecode.c.h; path = "UIKit+AFNetworking.h"; sourceTree = "<group>"; };
		A5312B721A616BC200DE20CD /* UIProgressView+AFNetworking.h */ = {isa = PBXFileReference; lastKnownFileType = sourcecode.c.h; path = "UIProgressView+AFNetworking.h"; sourceTree = "<group>"; };
		A5312B731A616BC200DE20CD /* UIProgressView+AFNetworking.m */ = {isa = PBXFileReference; lastKnownFileType = sourcecode.c.objc; path = "UIProgressView+AFNetworking.m"; sourceTree = "<group>"; };
		A5312B741A616BC200DE20CD /* UIRefreshControl+AFNetworking.h */ = {isa = PBXFileReference; lastKnownFileType = sourcecode.c.h; path = "UIRefreshControl+AFNetworking.h"; sourceTree = "<group>"; };
		A5312B751A616BC200DE20CD /* UIRefreshControl+AFNetworking.m */ = {isa = PBXFileReference; lastKnownFileType = sourcecode.c.objc; path = "UIRefreshControl+AFNetworking.m"; sourceTree = "<group>"; };
		A5312B761A616BC200DE20CD /* UIWebView+AFNetworking.h */ = {isa = PBXFileReference; lastKnownFileType = sourcecode.c.h; path = "UIWebView+AFNetworking.h"; sourceTree = "<group>"; };
		A5312B771A616BC200DE20CD /* UIWebView+AFNetworking.m */ = {isa = PBXFileReference; lastKnownFileType = sourcecode.c.objc; path = "UIWebView+AFNetworking.m"; sourceTree = "<group>"; };
		A5312B7B1A616BC200DE20CD /* AFHTTPRequestOperation.h */ = {isa = PBXFileReference; lastKnownFileType = sourcecode.c.h; path = AFHTTPRequestOperation.h; sourceTree = "<group>"; };
		A5312B7C1A616BC200DE20CD /* AFHTTPRequestOperationManager.h */ = {isa = PBXFileReference; lastKnownFileType = sourcecode.c.h; path = AFHTTPRequestOperationManager.h; sourceTree = "<group>"; };
		A5312B7D1A616BC200DE20CD /* AFHTTPSessionManager.h */ = {isa = PBXFileReference; lastKnownFileType = sourcecode.c.h; path = AFHTTPSessionManager.h; sourceTree = "<group>"; };
		A5312B7E1A616BC200DE20CD /* AFNetworkActivityIndicatorManager.h */ = {isa = PBXFileReference; lastKnownFileType = sourcecode.c.h; path = AFNetworkActivityIndicatorManager.h; sourceTree = "<group>"; };
		A5312B7F1A616BC200DE20CD /* AFNetworking.h */ = {isa = PBXFileReference; lastKnownFileType = sourcecode.c.h; path = AFNetworking.h; sourceTree = "<group>"; };
		A5312B801A616BC200DE20CD /* AFNetworkReachabilityManager.h */ = {isa = PBXFileReference; lastKnownFileType = sourcecode.c.h; path = AFNetworkReachabilityManager.h; sourceTree = "<group>"; };
		A5312B811A616BC200DE20CD /* AFSecurityPolicy.h */ = {isa = PBXFileReference; lastKnownFileType = sourcecode.c.h; path = AFSecurityPolicy.h; sourceTree = "<group>"; };
		A5312B821A616BC200DE20CD /* AFURLConnectionOperation.h */ = {isa = PBXFileReference; lastKnownFileType = sourcecode.c.h; path = AFURLConnectionOperation.h; sourceTree = "<group>"; };
		A5312B831A616BC200DE20CD /* AFURLRequestSerialization.h */ = {isa = PBXFileReference; lastKnownFileType = sourcecode.c.h; path = AFURLRequestSerialization.h; sourceTree = "<group>"; };
		A5312B841A616BC200DE20CD /* AFURLResponseSerialization.h */ = {isa = PBXFileReference; lastKnownFileType = sourcecode.c.h; path = AFURLResponseSerialization.h; sourceTree = "<group>"; };
		A5312B851A616BC200DE20CD /* AFURLSessionManager.h */ = {isa = PBXFileReference; lastKnownFileType = sourcecode.c.h; path = AFURLSessionManager.h; sourceTree = "<group>"; };
		A5312B861A616BC200DE20CD /* UIActivityIndicatorView+AFNetworking.h */ = {isa = PBXFileReference; lastKnownFileType = sourcecode.c.h; path = "UIActivityIndicatorView+AFNetworking.h"; sourceTree = "<group>"; };
		A5312B871A616BC200DE20CD /* UIAlertView+AFNetworking.h */ = {isa = PBXFileReference; lastKnownFileType = sourcecode.c.h; path = "UIAlertView+AFNetworking.h"; sourceTree = "<group>"; };
		A5312B881A616BC200DE20CD /* UIButton+AFNetworking.h */ = {isa = PBXFileReference; lastKnownFileType = sourcecode.c.h; path = "UIButton+AFNetworking.h"; sourceTree = "<group>"; };
		A5312B891A616BC200DE20CD /* UIImageView+AFNetworking.h */ = {isa = PBXFileReference; lastKnownFileType = sourcecode.c.h; path = "UIImageView+AFNetworking.h"; sourceTree = "<group>"; };
		A5312B8A1A616BC200DE20CD /* UIKit+AFNetworking.h */ = {isa = PBXFileReference; lastKnownFileType = sourcecode.c.h; path = "UIKit+AFNetworking.h"; sourceTree = "<group>"; };
		A5312B8B1A616BC200DE20CD /* UIProgressView+AFNetworking.h */ = {isa = PBXFileReference; lastKnownFileType = sourcecode.c.h; path = "UIProgressView+AFNetworking.h"; sourceTree = "<group>"; };
		A5312B8C1A616BC200DE20CD /* UIRefreshControl+AFNetworking.h */ = {isa = PBXFileReference; lastKnownFileType = sourcecode.c.h; path = "UIRefreshControl+AFNetworking.h"; sourceTree = "<group>"; };
		A5312B8D1A616BC200DE20CD /* UIWebView+AFNetworking.h */ = {isa = PBXFileReference; lastKnownFileType = sourcecode.c.h; path = "UIWebView+AFNetworking.h"; sourceTree = "<group>"; };
		A5312B8F1A616BC200DE20CD /* NSArray+ObjectiveSugar.h */ = {isa = PBXFileReference; lastKnownFileType = sourcecode.c.h; path = "NSArray+ObjectiveSugar.h"; sourceTree = "<group>"; };
		A5312B901A616BC200DE20CD /* NSDictionary+ObjectiveSugar.h */ = {isa = PBXFileReference; lastKnownFileType = sourcecode.c.h; path = "NSDictionary+ObjectiveSugar.h"; sourceTree = "<group>"; };
		A5312B911A616BC200DE20CD /* NSMutableArray+ObjectiveSugar.h */ = {isa = PBXFileReference; lastKnownFileType = sourcecode.c.h; path = "NSMutableArray+ObjectiveSugar.h"; sourceTree = "<group>"; };
		A5312B921A616BC200DE20CD /* NSNumber+ObjectiveSugar.h */ = {isa = PBXFileReference; lastKnownFileType = sourcecode.c.h; path = "NSNumber+ObjectiveSugar.h"; sourceTree = "<group>"; };
		A5312B931A616BC200DE20CD /* NSSet+ObjectiveSugar.h */ = {isa = PBXFileReference; lastKnownFileType = sourcecode.c.h; path = "NSSet+ObjectiveSugar.h"; sourceTree = "<group>"; };
		A5312B941A616BC200DE20CD /* NSString+ObjectiveSugar.h */ = {isa = PBXFileReference; lastKnownFileType = sourcecode.c.h; path = "NSString+ObjectiveSugar.h"; sourceTree = "<group>"; };
		A5312B951A616BC200DE20CD /* ObjectiveSugar.h */ = {isa = PBXFileReference; lastKnownFileType = sourcecode.c.h; path = ObjectiveSugar.h; sourceTree = "<group>"; };
		A5312B981A616BC200DE20CD /* AFHTTPRequestOperation.h */ = {isa = PBXFileReference; lastKnownFileType = sourcecode.c.h; path = AFHTTPRequestOperation.h; sourceTree = "<group>"; };
		A5312B991A616BC200DE20CD /* AFHTTPRequestOperationManager.h */ = {isa = PBXFileReference; lastKnownFileType = sourcecode.c.h; path = AFHTTPRequestOperationManager.h; sourceTree = "<group>"; };
		A5312B9A1A616BC200DE20CD /* AFHTTPSessionManager.h */ = {isa = PBXFileReference; lastKnownFileType = sourcecode.c.h; path = AFHTTPSessionManager.h; sourceTree = "<group>"; };
		A5312B9B1A616BC200DE20CD /* AFNetworkActivityIndicatorManager.h */ = {isa = PBXFileReference; lastKnownFileType = sourcecode.c.h; path = AFNetworkActivityIndicatorManager.h; sourceTree = "<group>"; };
		A5312B9C1A616BC200DE20CD /* AFNetworking.h */ = {isa = PBXFileReference; lastKnownFileType = sourcecode.c.h; path = AFNetworking.h; sourceTree = "<group>"; };
		A5312B9D1A616BC200DE20CD /* AFNetworkReachabilityManager.h */ = {isa = PBXFileReference; lastKnownFileType = sourcecode.c.h; path = AFNetworkReachabilityManager.h; sourceTree = "<group>"; };
		A5312B9E1A616BC200DE20CD /* AFSecurityPolicy.h */ = {isa = PBXFileReference; lastKnownFileType = sourcecode.c.h; path = AFSecurityPolicy.h; sourceTree = "<group>"; };
		A5312B9F1A616BC200DE20CD /* AFURLConnectionOperation.h */ = {isa = PBXFileReference; lastKnownFileType = sourcecode.c.h; path = AFURLConnectionOperation.h; sourceTree = "<group>"; };
		A5312BA01A616BC200DE20CD /* AFURLRequestSerialization.h */ = {isa = PBXFileReference; lastKnownFileType = sourcecode.c.h; path = AFURLRequestSerialization.h; sourceTree = "<group>"; };
		A5312BA11A616BC200DE20CD /* AFURLResponseSerialization.h */ = {isa = PBXFileReference; lastKnownFileType = sourcecode.c.h; path = AFURLResponseSerialization.h; sourceTree = "<group>"; };
		A5312BA21A616BC200DE20CD /* AFURLSessionManager.h */ = {isa = PBXFileReference; lastKnownFileType = sourcecode.c.h; path = AFURLSessionManager.h; sourceTree = "<group>"; };
		A5312BA31A616BC200DE20CD /* UIActivityIndicatorView+AFNetworking.h */ = {isa = PBXFileReference; lastKnownFileType = sourcecode.c.h; path = "UIActivityIndicatorView+AFNetworking.h"; sourceTree = "<group>"; };
		A5312BA41A616BC200DE20CD /* UIAlertView+AFNetworking.h */ = {isa = PBXFileReference; lastKnownFileType = sourcecode.c.h; path = "UIAlertView+AFNetworking.h"; sourceTree = "<group>"; };
		A5312BA51A616BC200DE20CD /* UIButton+AFNetworking.h */ = {isa = PBXFileReference; lastKnownFileType = sourcecode.c.h; path = "UIButton+AFNetworking.h"; sourceTree = "<group>"; };
		A5312BA61A616BC200DE20CD /* UIImageView+AFNetworking.h */ = {isa = PBXFileReference; lastKnownFileType = sourcecode.c.h; path = "UIImageView+AFNetworking.h"; sourceTree = "<group>"; };
		A5312BA71A616BC200DE20CD /* UIKit+AFNetworking.h */ = {isa = PBXFileReference; lastKnownFileType = sourcecode.c.h; path = "UIKit+AFNetworking.h"; sourceTree = "<group>"; };
		A5312BA81A616BC200DE20CD /* UIProgressView+AFNetworking.h */ = {isa = PBXFileReference; lastKnownFileType = sourcecode.c.h; path = "UIProgressView+AFNetworking.h"; sourceTree = "<group>"; };
		A5312BA91A616BC200DE20CD /* UIRefreshControl+AFNetworking.h */ = {isa = PBXFileReference; lastKnownFileType = sourcecode.c.h; path = "UIRefreshControl+AFNetworking.h"; sourceTree = "<group>"; };
		A5312BAA1A616BC200DE20CD /* UIWebView+AFNetworking.h */ = {isa = PBXFileReference; lastKnownFileType = sourcecode.c.h; path = "UIWebView+AFNetworking.h"; sourceTree = "<group>"; };
		A5312BAC1A616BC200DE20CD /* NSArray+ObjectiveSugar.h */ = {isa = PBXFileReference; lastKnownFileType = sourcecode.c.h; path = "NSArray+ObjectiveSugar.h"; sourceTree = "<group>"; };
		A5312BAD1A616BC200DE20CD /* NSDictionary+ObjectiveSugar.h */ = {isa = PBXFileReference; lastKnownFileType = sourcecode.c.h; path = "NSDictionary+ObjectiveSugar.h"; sourceTree = "<group>"; };
		A5312BAE1A616BC200DE20CD /* NSMutableArray+ObjectiveSugar.h */ = {isa = PBXFileReference; lastKnownFileType = sourcecode.c.h; path = "NSMutableArray+ObjectiveSugar.h"; sourceTree = "<group>"; };
		A5312BAF1A616BC200DE20CD /* NSNumber+ObjectiveSugar.h */ = {isa = PBXFileReference; lastKnownFileType = sourcecode.c.h; path = "NSNumber+ObjectiveSugar.h"; sourceTree = "<group>"; };
		A5312BB01A616BC200DE20CD /* NSSet+ObjectiveSugar.h */ = {isa = PBXFileReference; lastKnownFileType = sourcecode.c.h; path = "NSSet+ObjectiveSugar.h"; sourceTree = "<group>"; };
		A5312BB11A616BC200DE20CD /* NSString+ObjectiveSugar.h */ = {isa = PBXFileReference; lastKnownFileType = sourcecode.c.h; path = "NSString+ObjectiveSugar.h"; sourceTree = "<group>"; };
		A5312BB21A616BC200DE20CD /* ObjectiveSugar.h */ = {isa = PBXFileReference; lastKnownFileType = sourcecode.c.h; path = ObjectiveSugar.h; sourceTree = "<group>"; };
		A5312BB41A616BC200DE20CD /* Manifest.lock */ = {isa = PBXFileReference; lastKnownFileType = text; path = Manifest.lock; sourceTree = "<group>"; };
		A5312BC61A616BC200DE20CD /* Pods.xcodeproj */ = {isa = PBXFileReference; lastKnownFileType = "wrapper.pb-project"; path = Pods.xcodeproj; sourceTree = "<group>"; };
		A5312BCB1A616BC200DE20CD /* Pods-acknowledgements.markdown */ = {isa = PBXFileReference; lastKnownFileType = net.daringfireball.markdown; path = "Pods-acknowledgements.markdown"; sourceTree = "<group>"; };
		A5312BCC1A616BC200DE20CD /* Pods-acknowledgements.plist */ = {isa = PBXFileReference; lastKnownFileType = text.plist.xml; path = "Pods-acknowledgements.plist"; sourceTree = "<group>"; };
		A5312BCD1A616BC200DE20CD /* Pods-dummy.m */ = {isa = PBXFileReference; lastKnownFileType = sourcecode.c.objc; path = "Pods-dummy.m"; sourceTree = "<group>"; };
		A5312BCE1A616BC200DE20CD /* Pods-environment.h */ = {isa = PBXFileReference; lastKnownFileType = sourcecode.c.h; path = "Pods-environment.h"; sourceTree = "<group>"; };
		A5312BCF1A616BC200DE20CD /* Pods-resources.sh */ = {isa = PBXFileReference; lastKnownFileType = text.script.sh; path = "Pods-resources.sh"; sourceTree = "<group>"; };
		A5312BD01A616BC200DE20CD /* Pods.debug.xcconfig */ = {isa = PBXFileReference; lastKnownFileType = text.xcconfig; path = Pods.debug.xcconfig; sourceTree = "<group>"; };
		A5312BD11A616BC200DE20CD /* Pods.release.xcconfig */ = {isa = PBXFileReference; lastKnownFileType = text.xcconfig; path = Pods.release.xcconfig; sourceTree = "<group>"; };
		A5312BD31A616BC200DE20CD /* Pods-AFNetworking-dummy.m */ = {isa = PBXFileReference; lastKnownFileType = sourcecode.c.objc; path = "Pods-AFNetworking-dummy.m"; sourceTree = "<group>"; };
		A5312BD41A616BC200DE20CD /* Pods-AFNetworking-prefix.pch */ = {isa = PBXFileReference; lastKnownFileType = sourcecode.c.h; path = "Pods-AFNetworking-prefix.pch"; sourceTree = "<group>"; };
		A5312BD51A616BC200DE20CD /* Pods-AFNetworking-Private.xcconfig */ = {isa = PBXFileReference; lastKnownFileType = text.xcconfig; path = "Pods-AFNetworking-Private.xcconfig"; sourceTree = "<group>"; };
		A5312BD61A616BC200DE20CD /* Pods-AFNetworking.xcconfig */ = {isa = PBXFileReference; lastKnownFileType = text.xcconfig; path = "Pods-AFNetworking.xcconfig"; sourceTree = "<group>"; };
		A5312BD81A616BC200DE20CD /* Pods-ObjectiveSugar-dummy.m */ = {isa = PBXFileReference; lastKnownFileType = sourcecode.c.objc; path = "Pods-ObjectiveSugar-dummy.m"; sourceTree = "<group>"; };
		A5312BD91A616BC200DE20CD /* Pods-ObjectiveSugar-prefix.pch */ = {isa = PBXFileReference; lastKnownFileType = sourcecode.c.h; path = "Pods-ObjectiveSugar-prefix.pch"; sourceTree = "<group>"; };
		A5312BDA1A616BC200DE20CD /* Pods-ObjectiveSugar-Private.xcconfig */ = {isa = PBXFileReference; lastKnownFileType = text.xcconfig; path = "Pods-ObjectiveSugar-Private.xcconfig"; sourceTree = "<group>"; };
		A5312BDB1A616BC200DE20CD /* Pods-ObjectiveSugar.xcconfig */ = {isa = PBXFileReference; lastKnownFileType = text.xcconfig; path = "Pods-ObjectiveSugar.xcconfig"; sourceTree = "<group>"; };
		A5C91ED11A702BE0007A2DFC /* Realm.framework */ = {isa = PBXFileReference; lastKnownFileType = wrapper.framework; path = Realm.framework; sourceTree = "<group>"; };
		A5C91ED91A71AF71007A2DFC /* DatabaseManager.swift */ = {isa = PBXFileReference; fileEncoding = 4; lastKnownFileType = sourcecode.swift; path = DatabaseManager.swift; sourceTree = "<group>"; };
		A5FC05851A6FE0C5001665B4 /* RLMSupport.swift */ = {isa = PBXFileReference; fileEncoding = 4; lastKnownFileType = sourcecode.swift; path = RLMSupport.swift; sourceTree = "<group>"; };
		A5FDA01D1A61AA8700A12A8B /* AppDelegate.swift */ = {isa = PBXFileReference; fileEncoding = 4; lastKnownFileType = sourcecode.swift; path = AppDelegate.swift; sourceTree = "<group>"; };
		A5FDA01F1A61AA8700A12A8B /* Base */ = {isa = PBXFileReference; lastKnownFileType = file.xib; name = Base; path = Base.lproj/LaunchScreen.xib; sourceTree = "<group>"; };
		A5FDA0211A61AA8700A12A8B /* Base */ = {isa = PBXFileReference; lastKnownFileType = file.storyboard; name = Base; path = Base.lproj/Main.storyboard; sourceTree = "<group>"; };
		A5FDA0221A61AA8700A12A8B /* Bridging-Header.h */ = {isa = PBXFileReference; fileEncoding = 4; lastKnownFileType = sourcecode.c.h; path = "Bridging-Header.h"; sourceTree = "<group>"; };
		A5FDA0231A61AA8700A12A8B /* Images.xcassets */ = {isa = PBXFileReference; lastKnownFileType = folder.assetcatalog; path = Images.xcassets; sourceTree = "<group>"; };
		A5FDA0241A61AA8700A12A8B /* Info.plist */ = {isa = PBXFileReference; fileEncoding = 4; lastKnownFileType = text.plist.xml; path = Info.plist; sourceTree = "<group>"; };
		A5FDA0261A61AA8700A12A8B /* UserMap.xcdatamodel */ = {isa = PBXFileReference; lastKnownFileType = wrapper.xcdatamodel; path = UserMap.xcdatamodel; sourceTree = "<group>"; };
		A5FDA0271A61AA8700A12A8B /* MapViewController.swift */ = {isa = PBXFileReference; fileEncoding = 4; lastKnownFileType = sourcecode.swift; path = MapViewController.swift; sourceTree = "<group>"; };
		A5FDA0311A61AE3100A12A8B /* GoogleMaps.framework */ = {isa = PBXFileReference; lastKnownFileType = wrapper.framework; path = GoogleMaps.framework; sourceTree = "<group>"; };
		A5FDA0331A61AF6600A12A8B /* GoogleMaps.bundle */ = {isa = PBXFileReference; lastKnownFileType = "wrapper.plug-in"; name = GoogleMaps.bundle; path = GoogleMaps.framework/Versions/A/Resources/GoogleMaps.bundle; sourceTree = "<group>"; };
		A5FDA0351A61AFDC00A12A8B /* AVFoundation.framework */ = {isa = PBXFileReference; lastKnownFileType = wrapper.framework; name = AVFoundation.framework; path = System/Library/Frameworks/AVFoundation.framework; sourceTree = SDKROOT; };
		A5FDA0371A61AFE400A12A8B /* CoreData.framework */ = {isa = PBXFileReference; lastKnownFileType = wrapper.framework; name = CoreData.framework; path = System/Library/Frameworks/CoreData.framework; sourceTree = SDKROOT; };
		A5FDA03A1A61AFF500A12A8B /* CoreText.framework */ = {isa = PBXFileReference; lastKnownFileType = wrapper.framework; name = CoreText.framework; path = System/Library/Frameworks/CoreText.framework; sourceTree = SDKROOT; };
		A5FDA03C1A61AFFF00A12A8B /* GLKit.framework */ = {isa = PBXFileReference; lastKnownFileType = wrapper.framework; name = GLKit.framework; path = System/Library/Frameworks/GLKit.framework; sourceTree = SDKROOT; };
		A5FDA03E1A61B00600A12A8B /* ImageIO.framework */ = {isa = PBXFileReference; lastKnownFileType = wrapper.framework; name = ImageIO.framework; path = System/Library/Frameworks/ImageIO.framework; sourceTree = SDKROOT; };
		A5FDA0401A61B01800A12A8B /* libc++.dylib */ = {isa = PBXFileReference; lastKnownFileType = "compiled.mach-o.dylib"; name = "libc++.dylib"; path = "usr/lib/libc++.dylib"; sourceTree = SDKROOT; };
		A5FDA0421A61B02300A12A8B /* libicucore.dylib */ = {isa = PBXFileReference; lastKnownFileType = "compiled.mach-o.dylib"; name = libicucore.dylib; path = usr/lib/libicucore.dylib; sourceTree = SDKROOT; };
		A5FDA0451A61B03300A12A8B /* OpenGLES.framework */ = {isa = PBXFileReference; lastKnownFileType = wrapper.framework; name = OpenGLES.framework; path = System/Library/Frameworks/OpenGLES.framework; sourceTree = SDKROOT; };
		A5FDA0481A61B04E00A12A8B /* SystemConfiguration.framework */ = {isa = PBXFileReference; lastKnownFileType = wrapper.framework; name = SystemConfiguration.framework; path = System/Library/Frameworks/SystemConfiguration.framework; sourceTree = SDKROOT; };
		A5FDA07D1A65D39900A12A8B /* PlacesTableViewController.swift */ = {isa = PBXFileReference; fileEncoding = 4; lastKnownFileType = sourcecode.swift; path = PlacesTableViewController.swift; sourceTree = "<group>"; };
		A5FDA07F1A65DEFE00A12A8B /* Place.swift */ = {isa = PBXFileReference; fileEncoding = 4; lastKnownFileType = sourcecode.swift; path = Place.swift; sourceTree = "<group>"; };
		A5FDA0861A6716E100A12A8B /* AddPlaceController.swift */ = {isa = PBXFileReference; fileEncoding = 4; lastKnownFileType = sourcecode.swift; path = AddPlaceController.swift; sourceTree = "<group>"; };
		B27E6B7DC11FDCA7AB28DD9A /* Pods.debug.xcconfig */ = {isa = PBXFileReference; includeInIndex = 1; lastKnownFileType = text.xcconfig; name = Pods.debug.xcconfig; path = "Pods/Target Support Files/Pods/Pods.debug.xcconfig"; sourceTree = "<group>"; };
/* End PBXFileReference section */

/* Begin PBXFrameworksBuildPhase section */
		A53127B31A6014EC00DE20CD /* Frameworks */ = {
			isa = PBXFrameworksBuildPhase;
			buildActionMask = 2147483647;
			files = (
				A5C91ED21A702BE0007A2DFC /* Realm.framework in Frameworks */,
				A59DFF5A1A6FF83D00517998 /* Pods.framework in Frameworks */,
				A5FDA04A1A61B23300A12A8B /* GoogleMaps.bundle in Frameworks */,
				A5FDA0321A61AE3100A12A8B /* GoogleMaps.framework in Frameworks */,
				A5FDA0491A61B04E00A12A8B /* SystemConfiguration.framework in Frameworks */,
				A5FDA0471A61B03C00A12A8B /* QuartzCore.framework in Frameworks */,
				A5FDA0461A61B03300A12A8B /* OpenGLES.framework in Frameworks */,
				A5FDA0441A61B02B00A12A8B /* libz.dylib in Frameworks */,
				A5FDA0431A61B02300A12A8B /* libicucore.dylib in Frameworks */,
				A5FDA0411A61B01800A12A8B /* libc++.dylib in Frameworks */,
				A5FDA03F1A61B00600A12A8B /* ImageIO.framework in Frameworks */,
				A5FDA03D1A61AFFF00A12A8B /* GLKit.framework in Frameworks */,
				A5FDA03B1A61AFF500A12A8B /* CoreText.framework in Frameworks */,
				A5FDA0391A61AFED00A12A8B /* CoreLocation.framework in Frameworks */,
				A5FDA0381A61AFE400A12A8B /* CoreData.framework in Frameworks */,
				A5FDA0361A61AFDC00A12A8B /* AVFoundation.framework in Frameworks */,
				DE980C7C6983755D1BEC9B83 /* Pods.framework in Frameworks */,
			);
			runOnlyForDeploymentPostprocessing = 0;
		};
		A53127CB1A6014EC00DE20CD /* Frameworks */ = {
			isa = PBXFrameworksBuildPhase;
			buildActionMask = 2147483647;
			files = (
			);
			runOnlyForDeploymentPostprocessing = 0;
		};
/* End PBXFrameworksBuildPhase section */

/* Begin PBXGroup section */
		314B33D3E27B2CEC16587ED1 /* Pods */ = {
			isa = PBXGroup;
			children = (
				B27E6B7DC11FDCA7AB28DD9A /* Pods.debug.xcconfig */,
				52A6CF172F9A1AFE7383C1A9 /* Pods.release.xcconfig */,
			);
			name = Pods;
			sourceTree = "<group>";
		};
		A01E746F3BCD7800C82FCC05 /* Frameworks */ = {
			isa = PBXGroup;
			children = (
				A5C91ED11A702BE0007A2DFC /* Realm.framework */,
				A5FDA0331A61AF6600A12A8B /* GoogleMaps.bundle */,
				A5FDA0481A61B04E00A12A8B /* SystemConfiguration.framework */,
				A5FDA0451A61B03300A12A8B /* OpenGLES.framework */,
				A5FDA0421A61B02300A12A8B /* libicucore.dylib */,
				A5FDA0401A61B01800A12A8B /* libc++.dylib */,
				A5FDA03E1A61B00600A12A8B /* ImageIO.framework */,
				A5FDA03C1A61AFFF00A12A8B /* GLKit.framework */,
				A5FDA03A1A61AFF500A12A8B /* CoreText.framework */,
				A5FDA0371A61AFE400A12A8B /* CoreData.framework */,
				A5FDA0351A61AFDC00A12A8B /* AVFoundation.framework */,
				A5FDA0311A61AE3100A12A8B /* GoogleMaps.framework */,
				A5312B4E1A616BC200DE20CD /* Pods */,
				A53127E41A60320800DE20CD /* libz.dylib */,
				A53127E21A6031FC00DE20CD /* libsqlite3.dylib */,
				A53127E01A6031E300DE20CD /* QuartzCore.framework */,
				A53127DE1A6031D900DE20CD /* CoreLocation.framework */,
				14EE93FC33ED37FD5D8AB9A9 /* Pods.framework */,
			);
			name = Frameworks;
			sourceTree = "<group>";
		};
		A53127AD1A6014EC00DE20CD = {
			isa = PBXGroup;
			children = (
				A5FDA01C1A61AA8700A12A8B /* UserMap */,
				A53127D11A6014EC00DE20CD /* UserMapTests */,
				A53127B71A6014EC00DE20CD /* Products */,
				314B33D3E27B2CEC16587ED1 /* Pods */,
				A01E746F3BCD7800C82FCC05 /* Frameworks */,
			);
			sourceTree = "<group>";
		};
		A53127B71A6014EC00DE20CD /* Products */ = {
			isa = PBXGroup;
			children = (
				A53127B61A6014EC00DE20CD /* UserMap.app */,
				A53127CE1A6014EC00DE20CD /* UserMapTests.xctest */,
			);
			name = Products;
			sourceTree = "<group>";
		};
		A53127D11A6014EC00DE20CD /* UserMapTests */ = {
			isa = PBXGroup;
			children = (
				A53127D41A6014EC00DE20CD /* UserMapTests.swift */,
				A53127D21A6014EC00DE20CD /* Supporting Files */,
			);
			path = UserMapTests;
			sourceTree = "<group>";
		};
		A53127D21A6014EC00DE20CD /* Supporting Files */ = {
			isa = PBXGroup;
			children = (
				A53127D31A6014EC00DE20CD /* Info.plist */,
			);
			name = "Supporting Files";
			sourceTree = "<group>";
		};
		A5312B4E1A616BC200DE20CD /* Pods */ = {
			isa = PBXGroup;
			children = (
				A5312B4F1A616BC200DE20CD /* AFNetworking */,
				A5312B781A616BC200DE20CD /* Headers */,
				A5312BB31A616BC200DE20CD /* Local Podspecs */,
				A5312BB41A616BC200DE20CD /* Manifest.lock */,
				A5312BC61A616BC200DE20CD /* Pods.xcodeproj */,
				A5312BC91A616BC200DE20CD /* Target Support Files */,
			);
			path = Pods;
			sourceTree = "<group>";
		};
		A5312B4F1A616BC200DE20CD /* AFNetworking */ = {
			isa = PBXGroup;
			children = (
				A5312B501A616BC200DE20CD /* AFNetworking */,
				A5312B641A616BC200DE20CD /* LICENSE */,
				A5312B651A616BC200DE20CD /* README.md */,
				A5312B661A616BC200DE20CD /* UIKit+AFNetworking */,
			);
			path = AFNetworking;
			sourceTree = "<group>";
		};
		A5312B501A616BC200DE20CD /* AFNetworking */ = {
			isa = PBXGroup;
			children = (
				A5312B511A616BC200DE20CD /* AFHTTPRequestOperation.h */,
				A5312B521A616BC200DE20CD /* AFHTTPRequestOperation.m */,
				A5312B531A616BC200DE20CD /* AFHTTPRequestOperationManager.h */,
				A5312B541A616BC200DE20CD /* AFHTTPRequestOperationManager.m */,
				A5312B551A616BC200DE20CD /* AFHTTPSessionManager.h */,
				A5312B561A616BC200DE20CD /* AFHTTPSessionManager.m */,
				A5312B571A616BC200DE20CD /* AFNetworking.h */,
				A5312B581A616BC200DE20CD /* AFNetworkReachabilityManager.h */,
				A5312B591A616BC200DE20CD /* AFNetworkReachabilityManager.m */,
				A5312B5A1A616BC200DE20CD /* AFSecurityPolicy.h */,
				A5312B5B1A616BC200DE20CD /* AFSecurityPolicy.m */,
				A5312B5C1A616BC200DE20CD /* AFURLConnectionOperation.h */,
				A5312B5D1A616BC200DE20CD /* AFURLConnectionOperation.m */,
				A5312B5E1A616BC200DE20CD /* AFURLRequestSerialization.h */,
				A5312B5F1A616BC200DE20CD /* AFURLRequestSerialization.m */,
				A5312B601A616BC200DE20CD /* AFURLResponseSerialization.h */,
				A5312B611A616BC200DE20CD /* AFURLResponseSerialization.m */,
				A5312B621A616BC200DE20CD /* AFURLSessionManager.h */,
				A5312B631A616BC200DE20CD /* AFURLSessionManager.m */,
			);
			path = AFNetworking;
			sourceTree = "<group>";
		};
		A5312B661A616BC200DE20CD /* UIKit+AFNetworking */ = {
			isa = PBXGroup;
			children = (
				A5312B671A616BC200DE20CD /* AFNetworkActivityIndicatorManager.h */,
				A5312B681A616BC200DE20CD /* AFNetworkActivityIndicatorManager.m */,
				A5312B691A616BC200DE20CD /* UIActivityIndicatorView+AFNetworking.h */,
				A5312B6A1A616BC200DE20CD /* UIActivityIndicatorView+AFNetworking.m */,
				A5312B6B1A616BC200DE20CD /* UIAlertView+AFNetworking.h */,
				A5312B6C1A616BC200DE20CD /* UIAlertView+AFNetworking.m */,
				A5312B6D1A616BC200DE20CD /* UIButton+AFNetworking.h */,
				A5312B6E1A616BC200DE20CD /* UIButton+AFNetworking.m */,
				A5312B6F1A616BC200DE20CD /* UIImageView+AFNetworking.h */,
				A5312B701A616BC200DE20CD /* UIImageView+AFNetworking.m */,
				A5312B711A616BC200DE20CD /* UIKit+AFNetworking.h */,
				A5312B721A616BC200DE20CD /* UIProgressView+AFNetworking.h */,
				A5312B731A616BC200DE20CD /* UIProgressView+AFNetworking.m */,
				A5312B741A616BC200DE20CD /* UIRefreshControl+AFNetworking.h */,
				A5312B751A616BC200DE20CD /* UIRefreshControl+AFNetworking.m */,
				A5312B761A616BC200DE20CD /* UIWebView+AFNetworking.h */,
				A5312B771A616BC200DE20CD /* UIWebView+AFNetworking.m */,
			);
			path = "UIKit+AFNetworking";
			sourceTree = "<group>";
		};
		A5312B781A616BC200DE20CD /* Headers */ = {
			isa = PBXGroup;
			children = (
				A5312B791A616BC200DE20CD /* Build */,
				A5312B961A616BC200DE20CD /* Public */,
			);
			path = Headers;
			sourceTree = "<group>";
		};
		A5312B791A616BC200DE20CD /* Build */ = {
			isa = PBXGroup;
			children = (
				A5312B7A1A616BC200DE20CD /* AFNetworking */,
				A5312B8E1A616BC200DE20CD /* ObjectiveSugar */,
			);
			path = Build;
			sourceTree = "<group>";
		};
		A5312B7A1A616BC200DE20CD /* AFNetworking */ = {
			isa = PBXGroup;
			children = (
				A5312B7B1A616BC200DE20CD /* AFHTTPRequestOperation.h */,
				A5312B7C1A616BC200DE20CD /* AFHTTPRequestOperationManager.h */,
				A5312B7D1A616BC200DE20CD /* AFHTTPSessionManager.h */,
				A5312B7E1A616BC200DE20CD /* AFNetworkActivityIndicatorManager.h */,
				A5312B7F1A616BC200DE20CD /* AFNetworking.h */,
				A5312B801A616BC200DE20CD /* AFNetworkReachabilityManager.h */,
				A5312B811A616BC200DE20CD /* AFSecurityPolicy.h */,
				A5312B821A616BC200DE20CD /* AFURLConnectionOperation.h */,
				A5312B831A616BC200DE20CD /* AFURLRequestSerialization.h */,
				A5312B841A616BC200DE20CD /* AFURLResponseSerialization.h */,
				A5312B851A616BC200DE20CD /* AFURLSessionManager.h */,
				A5312B861A616BC200DE20CD /* UIActivityIndicatorView+AFNetworking.h */,
				A5312B871A616BC200DE20CD /* UIAlertView+AFNetworking.h */,
				A5312B881A616BC200DE20CD /* UIButton+AFNetworking.h */,
				A5312B891A616BC200DE20CD /* UIImageView+AFNetworking.h */,
				A5312B8A1A616BC200DE20CD /* UIKit+AFNetworking.h */,
				A5312B8B1A616BC200DE20CD /* UIProgressView+AFNetworking.h */,
				A5312B8C1A616BC200DE20CD /* UIRefreshControl+AFNetworking.h */,
				A5312B8D1A616BC200DE20CD /* UIWebView+AFNetworking.h */,
			);
			path = AFNetworking;
			sourceTree = "<group>";
		};
		A5312B8E1A616BC200DE20CD /* ObjectiveSugar */ = {
			isa = PBXGroup;
			children = (
				A5312B8F1A616BC200DE20CD /* NSArray+ObjectiveSugar.h */,
				A5312B901A616BC200DE20CD /* NSDictionary+ObjectiveSugar.h */,
				A5312B911A616BC200DE20CD /* NSMutableArray+ObjectiveSugar.h */,
				A5312B921A616BC200DE20CD /* NSNumber+ObjectiveSugar.h */,
				A5312B931A616BC200DE20CD /* NSSet+ObjectiveSugar.h */,
				A5312B941A616BC200DE20CD /* NSString+ObjectiveSugar.h */,
				A5312B951A616BC200DE20CD /* ObjectiveSugar.h */,
			);
			path = ObjectiveSugar;
			sourceTree = "<group>";
		};
		A5312B961A616BC200DE20CD /* Public */ = {
			isa = PBXGroup;
			children = (
				A5312B971A616BC200DE20CD /* AFNetworking */,
				A5312BAB1A616BC200DE20CD /* ObjectiveSugar */,
			);
			path = Public;
			sourceTree = "<group>";
		};
		A5312B971A616BC200DE20CD /* AFNetworking */ = {
			isa = PBXGroup;
			children = (
				A5312B981A616BC200DE20CD /* AFHTTPRequestOperation.h */,
				A5312B991A616BC200DE20CD /* AFHTTPRequestOperationManager.h */,
				A5312B9A1A616BC200DE20CD /* AFHTTPSessionManager.h */,
				A5312B9B1A616BC200DE20CD /* AFNetworkActivityIndicatorManager.h */,
				A5312B9C1A616BC200DE20CD /* AFNetworking.h */,
				A5312B9D1A616BC200DE20CD /* AFNetworkReachabilityManager.h */,
				A5312B9E1A616BC200DE20CD /* AFSecurityPolicy.h */,
				A5312B9F1A616BC200DE20CD /* AFURLConnectionOperation.h */,
				A5312BA01A616BC200DE20CD /* AFURLRequestSerialization.h */,
				A5312BA11A616BC200DE20CD /* AFURLResponseSerialization.h */,
				A5312BA21A616BC200DE20CD /* AFURLSessionManager.h */,
				A5312BA31A616BC200DE20CD /* UIActivityIndicatorView+AFNetworking.h */,
				A5312BA41A616BC200DE20CD /* UIAlertView+AFNetworking.h */,
				A5312BA51A616BC200DE20CD /* UIButton+AFNetworking.h */,
				A5312BA61A616BC200DE20CD /* UIImageView+AFNetworking.h */,
				A5312BA71A616BC200DE20CD /* UIKit+AFNetworking.h */,
				A5312BA81A616BC200DE20CD /* UIProgressView+AFNetworking.h */,
				A5312BA91A616BC200DE20CD /* UIRefreshControl+AFNetworking.h */,
				A5312BAA1A616BC200DE20CD /* UIWebView+AFNetworking.h */,
			);
			path = AFNetworking;
			sourceTree = "<group>";
		};
		A5312BAB1A616BC200DE20CD /* ObjectiveSugar */ = {
			isa = PBXGroup;
			children = (
				A5312BAC1A616BC200DE20CD /* NSArray+ObjectiveSugar.h */,
				A5312BAD1A616BC200DE20CD /* NSDictionary+ObjectiveSugar.h */,
				A5312BAE1A616BC200DE20CD /* NSMutableArray+ObjectiveSugar.h */,
				A5312BAF1A616BC200DE20CD /* NSNumber+ObjectiveSugar.h */,
				A5312BB01A616BC200DE20CD /* NSSet+ObjectiveSugar.h */,
				A5312BB11A616BC200DE20CD /* NSString+ObjectiveSugar.h */,
				A5312BB21A616BC200DE20CD /* ObjectiveSugar.h */,
			);
			path = ObjectiveSugar;
			sourceTree = "<group>";
		};
		A5312BB31A616BC200DE20CD /* Local Podspecs */ = {
			isa = PBXGroup;
			children = (
			);
			path = "Local Podspecs";
			sourceTree = "<group>";
		};
		A5312BC71A616BC200DE20CD /* Products */ = {
			isa = PBXGroup;
			children = (
				A5312BE01A616BC200DE20CD /* Pods.framework */,
				A5312BE21A616BC200DE20CD /* AFNetworking.framework */,
				A5C91EDF1A71AF72007A2DFC /* SugarRecord.framework */,
			);
			name = Products;
			sourceTree = "<group>";
		};
		A5312BC91A616BC200DE20CD /* Target Support Files */ = {
			isa = PBXGroup;
			children = (
				A5312BCA1A616BC200DE20CD /* Pods */,
				A5312BD21A616BC200DE20CD /* Pods-AFNetworking */,
				A5312BD71A616BC200DE20CD /* Pods-ObjectiveSugar */,
			);
			path = "Target Support Files";
			sourceTree = "<group>";
		};
		A5312BCA1A616BC200DE20CD /* Pods */ = {
			isa = PBXGroup;
			children = (
				A5312BCB1A616BC200DE20CD /* Pods-acknowledgements.markdown */,
				A5312BCC1A616BC200DE20CD /* Pods-acknowledgements.plist */,
				A5312BCD1A616BC200DE20CD /* Pods-dummy.m */,
				A5312BCE1A616BC200DE20CD /* Pods-environment.h */,
				A5312BCF1A616BC200DE20CD /* Pods-resources.sh */,
				A5312BD01A616BC200DE20CD /* Pods.debug.xcconfig */,
				A5312BD11A616BC200DE20CD /* Pods.release.xcconfig */,
			);
			path = Pods;
			sourceTree = "<group>";
		};
		A5312BD21A616BC200DE20CD /* Pods-AFNetworking */ = {
			isa = PBXGroup;
			children = (
				A5312BD31A616BC200DE20CD /* Pods-AFNetworking-dummy.m */,
				A5312BD41A616BC200DE20CD /* Pods-AFNetworking-prefix.pch */,
				A5312BD51A616BC200DE20CD /* Pods-AFNetworking-Private.xcconfig */,
				A5312BD61A616BC200DE20CD /* Pods-AFNetworking.xcconfig */,
			);
			path = "Pods-AFNetworking";
			sourceTree = "<group>";
		};
		A5312BD71A616BC200DE20CD /* Pods-ObjectiveSugar */ = {
			isa = PBXGroup;
			children = (
				A5312BD81A616BC200DE20CD /* Pods-ObjectiveSugar-dummy.m */,
				A5312BD91A616BC200DE20CD /* Pods-ObjectiveSugar-prefix.pch */,
				A5312BDA1A616BC200DE20CD /* Pods-ObjectiveSugar-Private.xcconfig */,
				A5312BDB1A616BC200DE20CD /* Pods-ObjectiveSugar.xcconfig */,
			);
			path = "Pods-ObjectiveSugar";
			sourceTree = "<group>";
		};
		A59DFF611A701C7E00517998 /* Application */ = {
			isa = PBXGroup;
			children = (
				A5FDA01D1A61AA8700A12A8B /* AppDelegate.swift */,
			);
			name = Application;
			sourceTree = "<group>";
		};
		A59DFF641A701C8B00517998 /* Resources */ = {
			isa = PBXGroup;
			children = (
				A5FDA01E1A61AA8700A12A8B /* LaunchScreen.xib */,
				A5FDA0201A61AA8700A12A8B /* Main.storyboard */,
				A5FDA0231A61AA8700A12A8B /* Images.xcassets */,
			);
			name = Resources;
			sourceTree = "<group>";
		};
		A5FDA01C1A61AA8700A12A8B /* UserMap */ = {
			isa = PBXGroup;
			children = (
				A59DFF641A701C8B00517998 /* Resources */,
				A59DFF611A701C7E00517998 /* Application */,
				A5FDA0851A67014800A12A8B /* Models */,
				A5FDA0841A67012800A12A8B /* Managers */,
				A5FDA0831A67011D00A12A8B /* Controllers */,
				A5FDA0301A61AAD600A12A8B /* Supporting files */,
			);
			path = UserMap;
			sourceTree = "<group>";
		};
		A5FDA0301A61AAD600A12A8B /* Supporting files */ = {
			isa = PBXGroup;
			children = (
				A5FC05851A6FE0C5001665B4 /* RLMSupport.swift */,
				A5FDA0221A61AA8700A12A8B /* Bridging-Header.h */,
				A5FDA0241A61AA8700A12A8B /* Info.plist */,
			);
			name = "Supporting files";
			sourceTree = "<group>";
		};
		A5FDA0831A67011D00A12A8B /* Controllers */ = {
			isa = PBXGroup;
			children = (
				A5FDA07D1A65D39900A12A8B /* PlacesTableViewController.swift */,
				A5FDA0271A61AA8700A12A8B /* MapViewController.swift */,
				A5FDA0861A6716E100A12A8B /* AddPlaceController.swift */,
				A51D26E71A6C58B500EC38E9 /* PlaceDetailController.swift */,
			);
			name = Controllers;
			sourceTree = "<group>";
		};
		A5FDA0841A67012800A12A8B /* Managers */ = {
			isa = PBXGroup;
			children = (
				A51D26E91A6F0EB800EC38E9 /* MapManager.swift */,
				A5C91ED91A71AF71007A2DFC /* DatabaseManager.swift */,
			);
			name = Managers;
			sourceTree = "<group>";
		};
		A5FDA0851A67014800A12A8B /* Models */ = {
			isa = PBXGroup;
			children = (
				A5FDA0251A61AA8700A12A8B /* UserMap.xcdatamodeld */,
				A5FDA07F1A65DEFE00A12A8B /* Place.swift */,
			);
			name = Models;
			sourceTree = "<group>";
		};
/* End PBXGroup section */

/* Begin PBXNativeTarget section */
		A53127B51A6014EC00DE20CD /* UserMap */ = {
			isa = PBXNativeTarget;
			buildConfigurationList = A53127D81A6014EC00DE20CD /* Build configuration list for PBXNativeTarget "UserMap" */;
			buildPhases = (
				DF18C939DBDD0776390460C1 /* Check Pods Manifest.lock */,
				A53127B21A6014EC00DE20CD /* Sources */,
				A53127B31A6014EC00DE20CD /* Frameworks */,
				A53127B41A6014EC00DE20CD /* Resources */,
				D589A04345F66794A7F1D4A0 /* Copy Pods Resources */,
				AF8AA77FBE8EFCB58CE3ADC5 /* Embed Pods Frameworks */,
			);
			buildRules = (
			);
			dependencies = (
			);
			name = UserMap;
			productName = UserMap;
			productReference = A53127B61A6014EC00DE20CD /* UserMap.app */;
			productType = "com.apple.product-type.application";
		};
		A53127CD1A6014EC00DE20CD /* UserMapTests */ = {
			isa = PBXNativeTarget;
			buildConfigurationList = A53127DB1A6014EC00DE20CD /* Build configuration list for PBXNativeTarget "UserMapTests" */;
			buildPhases = (
				A53127CA1A6014EC00DE20CD /* Sources */,
				A53127CB1A6014EC00DE20CD /* Frameworks */,
				A53127CC1A6014EC00DE20CD /* Resources */,
			);
			buildRules = (
			);
			dependencies = (
				A53127D01A6014EC00DE20CD /* PBXTargetDependency */,
			);
			name = UserMapTests;
			productName = UserMapTests;
			productReference = A53127CE1A6014EC00DE20CD /* UserMapTests.xctest */;
			productType = "com.apple.product-type.bundle.unit-test";
		};
/* End PBXNativeTarget section */

/* Begin PBXProject section */
		A53127AE1A6014EC00DE20CD /* Project object */ = {
			isa = PBXProject;
			attributes = {
				LastUpgradeCheck = 0610;
				ORGANIZATIONNAME = Zilong;
				TargetAttributes = {
					A53127B51A6014EC00DE20CD = {
						CreatedOnToolsVersion = 6.1.1;
					};
					A53127CD1A6014EC00DE20CD = {
						CreatedOnToolsVersion = 6.1.1;
						TestTargetID = A53127B51A6014EC00DE20CD;
					};
				};
			};
			buildConfigurationList = A53127B11A6014EC00DE20CD /* Build configuration list for PBXProject "UserMap" */;
			compatibilityVersion = "Xcode 3.2";
			developmentRegion = English;
			hasScannedForEncodings = 0;
			knownRegions = (
				en,
				Base,
			);
			mainGroup = A53127AD1A6014EC00DE20CD;
			productRefGroup = A53127B71A6014EC00DE20CD /* Products */;
			projectDirPath = "";
			projectReferences = (
				{
					ProductGroup = A5312BC71A616BC200DE20CD /* Products */;
					ProjectRef = A5312BC61A616BC200DE20CD /* Pods.xcodeproj */;
				},
			);
			projectRoot = "";
			targets = (
				A53127B51A6014EC00DE20CD /* UserMap */,
				A53127CD1A6014EC00DE20CD /* UserMapTests */,
			);
		};
/* End PBXProject section */

/* Begin PBXReferenceProxy section */
		A5312BE01A616BC200DE20CD /* Pods.framework */ = {
			isa = PBXReferenceProxy;
			fileType = wrapper.framework;
			path = Pods.framework;
			remoteRef = A5312BDF1A616BC200DE20CD /* PBXContainerItemProxy */;
			sourceTree = BUILT_PRODUCTS_DIR;
		};
		A5312BE21A616BC200DE20CD /* AFNetworking.framework */ = {
			isa = PBXReferenceProxy;
			fileType = wrapper.framework;
			path = AFNetworking.framework;
			remoteRef = A5312BE11A616BC200DE20CD /* PBXContainerItemProxy */;
			sourceTree = BUILT_PRODUCTS_DIR;
		};
		A5C91EDF1A71AF72007A2DFC /* SugarRecord.framework */ = {
			isa = PBXReferenceProxy;
			fileType = wrapper.framework;
			path = SugarRecord.framework;
			remoteRef = A5C91EDE1A71AF72007A2DFC /* PBXContainerItemProxy */;
			sourceTree = BUILT_PRODUCTS_DIR;
		};
/* End PBXReferenceProxy section */

/* Begin PBXResourcesBuildPhase section */
		A53127B41A6014EC00DE20CD /* Resources */ = {
			isa = PBXResourcesBuildPhase;
			buildActionMask = 2147483647;
			files = (
				A5FDA02B1A61AA8700A12A8B /* Images.xcassets in Resources */,
				A5FDA0291A61AA8700A12A8B /* LaunchScreen.xib in Resources */,
				A5FDA02A1A61AA8700A12A8B /* Main.storyboard in Resources */,
				A5FDA0341A61AF6600A12A8B /* GoogleMaps.bundle in Resources */,
			);
			runOnlyForDeploymentPostprocessing = 0;
		};
		A53127CC1A6014EC00DE20CD /* Resources */ = {
			isa = PBXResourcesBuildPhase;
			buildActionMask = 2147483647;
			files = (
			);
			runOnlyForDeploymentPostprocessing = 0;
		};
/* End PBXResourcesBuildPhase section */

/* Begin PBXShellScriptBuildPhase section */
		AF8AA77FBE8EFCB58CE3ADC5 /* Embed Pods Frameworks */ = {
			isa = PBXShellScriptBuildPhase;
			buildActionMask = 2147483647;
			files = (
			);
			inputPaths = (
			);
			name = "Embed Pods Frameworks";
			outputPaths = (
			);
			runOnlyForDeploymentPostprocessing = 0;
			shellPath = /bin/sh;
			shellScript = "\"${SRCROOT}/Pods/Target Support Files/Pods/Pods-frameworks.sh\"\n";
			showEnvVarsInLog = 0;
		};
		D589A04345F66794A7F1D4A0 /* Copy Pods Resources */ = {
			isa = PBXShellScriptBuildPhase;
			buildActionMask = 2147483647;
			files = (
			);
			inputPaths = (
			);
			name = "Copy Pods Resources";
			outputPaths = (
			);
			runOnlyForDeploymentPostprocessing = 0;
			shellPath = /bin/sh;
			shellScript = "\"${SRCROOT}/Pods/Target Support Files/Pods/Pods-resources.sh\"\n";
			showEnvVarsInLog = 0;
		};
		DF18C939DBDD0776390460C1 /* Check Pods Manifest.lock */ = {
			isa = PBXShellScriptBuildPhase;
			buildActionMask = 2147483647;
			files = (
			);
			inputPaths = (
			);
			name = "Check Pods Manifest.lock";
			outputPaths = (
			);
			runOnlyForDeploymentPostprocessing = 0;
			shellPath = /bin/sh;
			shellScript = "diff \"${PODS_ROOT}/../Podfile.lock\" \"${PODS_ROOT}/Manifest.lock\" > /dev/null\nif [[ $? != 0 ]] ; then\n    cat << EOM\nerror: The sandbox is not in sync with the Podfile.lock. Run 'pod install' or update your CocoaPods installation.\nEOM\n    exit 1\nfi\n";
			showEnvVarsInLog = 0;
		};
/* End PBXShellScriptBuildPhase section */

/* Begin PBXSourcesBuildPhase section */
		A53127B21A6014EC00DE20CD /* Sources */ = {
			isa = PBXSourcesBuildPhase;
			buildActionMask = 2147483647;
			files = (
				A5FDA0871A6716E100A12A8B /* AddPlaceController.swift in Sources */,
				A5C91EDA1A71AF71007A2DFC /* DatabaseManager.swift in Sources */,
				A5FDA02E1A61AA8700A12A8B /* MapViewController.swift in Sources */,
				A51D26E81A6C58B500EC38E9 /* PlaceDetailController.swift in Sources */,
				A5FDA0281A61AA8700A12A8B /* AppDelegate.swift in Sources */,
				A51D26EA1A6F0EB800EC38E9 /* MapManager.swift in Sources */,
				A5FDA0801A65DEFE00A12A8B /* Place.swift in Sources */,
				A5FC05861A6FE0C5001665B4 /* RLMSupport.swift in Sources */,
				A5FDA02D1A61AA8700A12A8B /* UserMap.xcdatamodeld in Sources */,
				A5FDA07E1A65D39900A12A8B /* PlacesTableViewController.swift in Sources */,
			);
			runOnlyForDeploymentPostprocessing = 0;
		};
		A53127CA1A6014EC00DE20CD /* Sources */ = {
			isa = PBXSourcesBuildPhase;
			buildActionMask = 2147483647;
			files = (
				A53127D51A6014EC00DE20CD /* UserMapTests.swift in Sources */,
			);
			runOnlyForDeploymentPostprocessing = 0;
		};
/* End PBXSourcesBuildPhase section */

/* Begin PBXTargetDependency section */
		A53127D01A6014EC00DE20CD /* PBXTargetDependency */ = {
			isa = PBXTargetDependency;
			target = A53127B51A6014EC00DE20CD /* UserMap */;
			targetProxy = A53127CF1A6014EC00DE20CD /* PBXContainerItemProxy */;
		};
/* End PBXTargetDependency section */

/* Begin PBXVariantGroup section */
		A5FDA01E1A61AA8700A12A8B /* LaunchScreen.xib */ = {
			isa = PBXVariantGroup;
			children = (
				A5FDA01F1A61AA8700A12A8B /* Base */,
			);
			name = LaunchScreen.xib;
			sourceTree = "<group>";
		};
		A5FDA0201A61AA8700A12A8B /* Main.storyboard */ = {
			isa = PBXVariantGroup;
			children = (
				A5FDA0211A61AA8700A12A8B /* Base */,
			);
			name = Main.storyboard;
			sourceTree = "<group>";
		};
/* End PBXVariantGroup section */

/* Begin XCBuildConfiguration section */
		A53127D61A6014EC00DE20CD /* Debug */ = {
			isa = XCBuildConfiguration;
			buildSettings = {
				ALWAYS_SEARCH_USER_PATHS = NO;
				CLANG_CXX_LANGUAGE_STANDARD = "gnu++0x";
				CLANG_CXX_LIBRARY = "libc++";
				CLANG_ENABLE_MODULES = YES;
				CLANG_ENABLE_OBJC_ARC = YES;
				CLANG_WARN_BOOL_CONVERSION = YES;
				CLANG_WARN_CONSTANT_CONVERSION = YES;
				CLANG_WARN_DIRECT_OBJC_ISA_USAGE = YES_ERROR;
				CLANG_WARN_EMPTY_BODY = YES;
				CLANG_WARN_ENUM_CONVERSION = YES;
				CLANG_WARN_INT_CONVERSION = YES;
				CLANG_WARN_OBJC_ROOT_CLASS = YES_ERROR;
				CLANG_WARN_UNREACHABLE_CODE = YES;
				CLANG_WARN__DUPLICATE_METHOD_MATCH = YES;
				"CODE_SIGN_IDENTITY[sdk=iphoneos*]" = "iPhone Developer";
				COPY_PHASE_STRIP = NO;
				ENABLE_STRICT_OBJC_MSGSEND = YES;
				GCC_C_LANGUAGE_STANDARD = gnu99;
				GCC_DYNAMIC_NO_PIC = NO;
				GCC_OPTIMIZATION_LEVEL = 0;
				GCC_PREPROCESSOR_DEFINITIONS = (
					"DEBUG=1",
					"$(inherited)",
				);
				GCC_SYMBOLS_PRIVATE_EXTERN = NO;
				GCC_WARN_64_TO_32_BIT_CONVERSION = YES;
				GCC_WARN_ABOUT_RETURN_TYPE = YES_ERROR;
				GCC_WARN_UNDECLARED_SELECTOR = YES;
				GCC_WARN_UNINITIALIZED_AUTOS = YES_AGGRESSIVE;
				GCC_WARN_UNUSED_FUNCTION = YES;
				GCC_WARN_UNUSED_VARIABLE = YES;
				IPHONEOS_DEPLOYMENT_TARGET = 8.1;
				MTL_ENABLE_DEBUG_INFO = YES;
				ONLY_ACTIVE_ARCH = YES;
				SDKROOT = iphoneos;
				SWIFT_OPTIMIZATION_LEVEL = "-Onone";
			};
			name = Debug;
		};
		A53127D71A6014EC00DE20CD /* Release */ = {
			isa = XCBuildConfiguration;
			buildSettings = {
				ALWAYS_SEARCH_USER_PATHS = NO;
				CLANG_CXX_LANGUAGE_STANDARD = "gnu++0x";
				CLANG_CXX_LIBRARY = "libc++";
				CLANG_ENABLE_MODULES = YES;
				CLANG_ENABLE_OBJC_ARC = YES;
				CLANG_WARN_BOOL_CONVERSION = YES;
				CLANG_WARN_CONSTANT_CONVERSION = YES;
				CLANG_WARN_DIRECT_OBJC_ISA_USAGE = YES_ERROR;
				CLANG_WARN_EMPTY_BODY = YES;
				CLANG_WARN_ENUM_CONVERSION = YES;
				CLANG_WARN_INT_CONVERSION = YES;
				CLANG_WARN_OBJC_ROOT_CLASS = YES_ERROR;
				CLANG_WARN_UNREACHABLE_CODE = YES;
				CLANG_WARN__DUPLICATE_METHOD_MATCH = YES;
				"CODE_SIGN_IDENTITY[sdk=iphoneos*]" = "iPhone Developer";
				COPY_PHASE_STRIP = YES;
				ENABLE_NS_ASSERTIONS = NO;
				ENABLE_STRICT_OBJC_MSGSEND = YES;
				GCC_C_LANGUAGE_STANDARD = gnu99;
				GCC_WARN_64_TO_32_BIT_CONVERSION = YES;
				GCC_WARN_ABOUT_RETURN_TYPE = YES_ERROR;
				GCC_WARN_UNDECLARED_SELECTOR = YES;
				GCC_WARN_UNINITIALIZED_AUTOS = YES_AGGRESSIVE;
				GCC_WARN_UNUSED_FUNCTION = YES;
				GCC_WARN_UNUSED_VARIABLE = YES;
				IPHONEOS_DEPLOYMENT_TARGET = 8.1;
				MTL_ENABLE_DEBUG_INFO = NO;
				SDKROOT = iphoneos;
				VALIDATE_PRODUCT = YES;
			};
			name = Release;
		};
		A53127D91A6014EC00DE20CD /* Debug */ = {
			isa = XCBuildConfiguration;
			baseConfigurationReference = B27E6B7DC11FDCA7AB28DD9A /* Pods.debug.xcconfig */;
			buildSettings = {
				ASSETCATALOG_COMPILER_APPICON_NAME = AppIcon;
				FRAMEWORK_SEARCH_PATHS = (
					"$(inherited)",
					"$(PROJECT_DIR)",
				);
				INFOPLIST_FILE = UserMap/Info.plist;
				LD_RUNPATH_SEARCH_PATHS = "$(inherited) @executable_path/Frameworks";
				LIBRARY_SEARCH_PATHS = (
					"$(inherited)",
					"$(PROJECT_DIR)/Realm.framework",
				);
				ONLY_ACTIVE_ARCH = YES;
				PRODUCT_NAME = "$(TARGET_NAME)";
				SWIFT_OBJC_BRIDGING_HEADER = "UserMap/Bridging-Header.h";
			};
			name = Debug;
		};
		A53127DA1A6014EC00DE20CD /* Release */ = {
			isa = XCBuildConfiguration;
			baseConfigurationReference = 52A6CF172F9A1AFE7383C1A9 /* Pods.release.xcconfig */;
			buildSettings = {
				ASSETCATALOG_COMPILER_APPICON_NAME = AppIcon;
				FRAMEWORK_SEARCH_PATHS = (
					"$(inherited)",
					"$(PROJECT_DIR)",
				);
				INFOPLIST_FILE = UserMap/Info.plist;
				LD_RUNPATH_SEARCH_PATHS = "$(inherited) @executable_path/Frameworks";
				LIBRARY_SEARCH_PATHS = (
					"$(inherited)",
					"$(PROJECT_DIR)/Realm.framework",
				);
				PRODUCT_NAME = "$(TARGET_NAME)";
				SWIFT_OBJC_BRIDGING_HEADER = "UserMap/Bridging-Header.h";
			};
			name = Release;
		};
		A53127DC1A6014EC00DE20CD /* Debug */ = {
			isa = XCBuildConfiguration;
			buildSettings = {
				BUNDLE_LOADER = "$(TEST_HOST)";
				FRAMEWORK_SEARCH_PATHS = (
					"$(SDKROOT)/Developer/Library/Frameworks",
					"$(inherited)",
				);
				GCC_PREPROCESSOR_DEFINITIONS = (
					"DEBUG=1",
					"$(inherited)",
				);
				INFOPLIST_FILE = UserMapTests/Info.plist;
				LD_RUNPATH_SEARCH_PATHS = "$(inherited) @executable_path/Frameworks @loader_path/Frameworks";
				PRODUCT_NAME = "$(TARGET_NAME)";
				TEST_HOST = "$(BUILT_PRODUCTS_DIR)/UserMap.app/UserMap";
			};
			name = Debug;
		};
		A53127DD1A6014EC00DE20CD /* Release */ = {
			isa = XCBuildConfiguration;
			buildSettings = {
				BUNDLE_LOADER = "$(TEST_HOST)";
				FRAMEWORK_SEARCH_PATHS = (
					"$(SDKROOT)/Developer/Library/Frameworks",
					"$(inherited)",
				);
				INFOPLIST_FILE = UserMapTests/Info.plist;
				LD_RUNPATH_SEARCH_PATHS = "$(inherited) @executable_path/Frameworks @loader_path/Frameworks";
				PRODUCT_NAME = "$(TARGET_NAME)";
				TEST_HOST = "$(BUILT_PRODUCTS_DIR)/UserMap.app/UserMap";
			};
			name = Release;
		};
/* End XCBuildConfiguration section */

/* Begin XCConfigurationList section */
		A53127B11A6014EC00DE20CD /* Build configuration list for PBXProject "UserMap" */ = {
			isa = XCConfigurationList;
			buildConfigurations = (
				A53127D61A6014EC00DE20CD /* Debug */,
				A53127D71A6014EC00DE20CD /* Release */,
			);
			defaultConfigurationIsVisible = 0;
			defaultConfigurationName = Release;
		};
		A53127D81A6014EC00DE20CD /* Build configuration list for PBXNativeTarget "UserMap" */ = {
			isa = XCConfigurationList;
			buildConfigurations = (
				A53127D91A6014EC00DE20CD /* Debug */,
				A53127DA1A6014EC00DE20CD /* Release */,
			);
			defaultConfigurationIsVisible = 0;
			defaultConfigurationName = Release;
		};
		A53127DB1A6014EC00DE20CD /* Build configuration list for PBXNativeTarget "UserMapTests" */ = {
			isa = XCConfigurationList;
			buildConfigurations = (
				A53127DC1A6014EC00DE20CD /* Debug */,
				A53127DD1A6014EC00DE20CD /* Release */,
			);
			defaultConfigurationIsVisible = 0;
			defaultConfigurationName = Release;
		};
/* End XCConfigurationList section */

/* Begin XCVersionGroup section */
		A5FDA0251A61AA8700A12A8B /* UserMap.xcdatamodeld */ = {
			isa = XCVersionGroup;
			children = (
				A5FDA0261A61AA8700A12A8B /* UserMap.xcdatamodel */,
			);
			currentVersion = A5FDA0261A61AA8700A12A8B /* UserMap.xcdatamodel */;
			path = UserMap.xcdatamodeld;
			sourceTree = "<group>";
			versionGroupType = wrapper.xcdatamodel;
		};
/* End XCVersionGroup section */
	};
	rootObject = A53127AE1A6014EC00DE20CD /* Project object */;
}
